// !$*UTF8*$!
{
	archiveVersion = 1;
	classes = {
	};
	objectVersion = 46;
	objects = {

/* Begin PBXBuildFile section */
		267DBDF925CAC0320081975C /* CYLTabBarController.h in Headers */ = {isa = PBXBuildFile; fileRef = 267DBDF725CAC0320081975C /* CYLTabBarController.h */; settings = {ATTRIBUTES = (Public, ); }; };
		267DBDFC25CAC0320081975C /* CYLTabBarController.framework in Frameworks */ = {isa = PBXBuildFile; fileRef = 267DBDF525CAC0320081975C /* CYLTabBarController.framework */; };
		267DBDFD25CAC0320081975C /* CYLTabBarController.framework in Embed Frameworks */ = {isa = PBXBuildFile; fileRef = 267DBDF525CAC0320081975C /* CYLTabBarController.framework */; settings = {ATTRIBUTES = (CodeSignOnCopy, RemoveHeadersOnCopy, ); }; };
		267DBE2A25CAC0630081975C /* UITabBarItem+CYLTabBarControllerExtention.m in Sources */ = {isa = PBXBuildFile; fileRef = 267DBE0325CAC0610081975C /* UITabBarItem+CYLTabBarControllerExtention.m */; };
		267DBE2B25CAC0630081975C /* UIImage+CYLTabBarControllerExtention.h in Headers */ = {isa = PBXBuildFile; fileRef = 267DBE0425CAC0610081975C /* UIImage+CYLTabBarControllerExtention.h */; settings = {ATTRIBUTES = (Public, ); }; };
		267DBE2C25CAC0630081975C /* UIImage+CYLTabBarControllerExtention.m in Sources */ = {isa = PBXBuildFile; fileRef = 267DBE0525CAC0610081975C /* UIImage+CYLTabBarControllerExtention.m */; };
		267DBE2D25CAC0630081975C /* UIColor+CYLTabBarControllerExtention.h in Headers */ = {isa = PBXBuildFile; fileRef = 267DBE0625CAC0610081975C /* UIColor+CYLTabBarControllerExtention.h */; settings = {ATTRIBUTES = (Public, ); }; };
		267DBE2E25CAC0630081975C /* NSObject+CYLTabBarControllerExtention.m in Sources */ = {isa = PBXBuildFile; fileRef = 267DBE0725CAC0610081975C /* NSObject+CYLTabBarControllerExtention.m */; };
		267DBE2F25CAC0630081975C /* CYLBaseViewController.m in Sources */ = {isa = PBXBuildFile; fileRef = 267DBE0825CAC0610081975C /* CYLBaseViewController.m */; };
		267DBE3025CAC0630081975C /* CYLTabBarController.m in Sources */ = {isa = PBXBuildFile; fileRef = 267DBE0925CAC0610081975C /* CYLTabBarController.m */; };
		267DBE3125CAC0630081975C /* UIView+CYLTabBarControllerExtention.m in Sources */ = {isa = PBXBuildFile; fileRef = 267DBE0A25CAC0610081975C /* UIView+CYLTabBarControllerExtention.m */; };
		267DBE3225CAC0630081975C /* CYLTabBar.h in Headers */ = {isa = PBXBuildFile; fileRef = 267DBE0B25CAC0610081975C /* CYLTabBar.h */; settings = {ATTRIBUTES = (Public, ); }; };
		267DBE3325CAC0630081975C /* CYLPlusButton.h in Headers */ = {isa = PBXBuildFile; fileRef = 267DBE0C25CAC0610081975C /* CYLPlusButton.h */; settings = {ATTRIBUTES = (Public, ); }; };
		267DBE3425CAC0630081975C /* UITabBarItem+CYLBadgeExtention.m in Sources */ = {isa = PBXBuildFile; fileRef = 267DBE0D25CAC0610081975C /* UITabBarItem+CYLBadgeExtention.m */; };
		267DBE3525CAC0630081975C /* CYLTabBar.m in Sources */ = {isa = PBXBuildFile; fileRef = 267DBE0E25CAC0610081975C /* CYLTabBar.m */; };
		267DBE3625CAC0630081975C /* CYLBadgeProtocol.h in Headers */ = {isa = PBXBuildFile; fileRef = 267DBE0F25CAC0610081975C /* CYLBadgeProtocol.h */; settings = {ATTRIBUTES = (Public, ); }; };
		267DBE3725CAC0630081975C /* CYLPlusButton.m in Sources */ = {isa = PBXBuildFile; fileRef = 267DBE1025CAC0610081975C /* CYLPlusButton.m */; };
		267DBE3825CAC0630081975C /* CYLTabBar+CYLTabBarControllerExtention.m in Sources */ = {isa = PBXBuildFile; fileRef = 267DBE1125CAC0610081975C /* CYLTabBar+CYLTabBarControllerExtention.m */; };
		267DBE3925CAC0630081975C /* CYLBaseTableViewController.m in Sources */ = {isa = PBXBuildFile; fileRef = 267DBE1225CAC0610081975C /* CYLBaseTableViewController.m */; };
		267DBE3A25CAC0630081975C /* UIView+CYLBadgeExtention.h in Headers */ = {isa = PBXBuildFile; fileRef = 267DBE1325CAC0620081975C /* UIView+CYLBadgeExtention.h */; settings = {ATTRIBUTES = (Public, ); }; };
		267DBE3B25CAC0630081975C /* UIView+CYLBadgeExtention.m in Sources */ = {isa = PBXBuildFile; fileRef = 267DBE1425CAC0620081975C /* UIView+CYLBadgeExtention.m */; };
		267DBE3C25CAC0630081975C /* CAAnimation+CYLBadgeExtention.m in Sources */ = {isa = PBXBuildFile; fileRef = 267DBE1525CAC0620081975C /* CAAnimation+CYLBadgeExtention.m */; };
		267DBE3D25CAC0630081975C /* NSObject+CYLTabBarControllerExtention.h in Headers */ = {isa = PBXBuildFile; fileRef = 267DBE1625CAC0620081975C /* NSObject+CYLTabBarControllerExtention.h */; settings = {ATTRIBUTES = (Public, ); }; };
		267DBE3E25CAC0630081975C /* CYLBaseNavigationController.h in Headers */ = {isa = PBXBuildFile; fileRef = 267DBE1725CAC0620081975C /* CYLBaseNavigationController.h */; settings = {ATTRIBUTES = (Public, ); }; };
		267DBE3F25CAC0630081975C /* UIView+CYLTabBarControllerExtention.h in Headers */ = {isa = PBXBuildFile; fileRef = 267DBE1825CAC0620081975C /* UIView+CYLTabBarControllerExtention.h */; settings = {ATTRIBUTES = (Public, ); }; };
		267DBE4025CAC0630081975C /* CYLBaseTableViewController.h in Headers */ = {isa = PBXBuildFile; fileRef = 267DBE1925CAC0620081975C /* CYLBaseTableViewController.h */; settings = {ATTRIBUTES = (Public, ); }; };
		267DBE4125CAC0630081975C /* UIViewController+CYLNavigationControllerExtention.h in Headers */ = {isa = PBXBuildFile; fileRef = 267DBE1A25CAC0620081975C /* UIViewController+CYLNavigationControllerExtention.h */; settings = {ATTRIBUTES = (Public, ); }; };
		267DBE4225CAC0630081975C /* UIViewController+CYLTabBarControllerExtention.m in Sources */ = {isa = PBXBuildFile; fileRef = 267DBE1B25CAC0620081975C /* UIViewController+CYLTabBarControllerExtention.m */; };
		267DBE4325CAC0630081975C /* CYLConstants.h in Headers */ = {isa = PBXBuildFile; fileRef = 267DBE1C25CAC0620081975C /* CYLConstants.h */; settings = {ATTRIBUTES = (Public, ); }; };
		267DBE4425CAC0630081975C /* CAAnimation+CYLBadgeExtention.h in Headers */ = {isa = PBXBuildFile; fileRef = 267DBE1D25CAC0620081975C /* CAAnimation+CYLBadgeExtention.h */; settings = {ATTRIBUTES = (Public, ); }; };
		267DBE4525CAC0630081975C /* UIViewController+CYLNavigationControllerExtention.m in Sources */ = {isa = PBXBuildFile; fileRef = 267DBE1E25CAC0620081975C /* UIViewController+CYLNavigationControllerExtention.m */; };
		267DBE4625CAC0630081975C /* UIControl+CYLTabBarControllerExtention.h in Headers */ = {isa = PBXBuildFile; fileRef = 267DBE1F25CAC0620081975C /* UIControl+CYLTabBarControllerExtention.h */; settings = {ATTRIBUTES = (Public, ); }; };
		267DBE4725CAC0630081975C /* CYLTabBar+CYLTabBarControllerExtention.h in Headers */ = {isa = PBXBuildFile; fileRef = 267DBE2025CAC0620081975C /* CYLTabBar+CYLTabBarControllerExtention.h */; settings = {ATTRIBUTES = (Public, ); }; };
		267DBE4825CAC0630081975C /* CYLBaseViewController.h in Headers */ = {isa = PBXBuildFile; fileRef = 267DBE2125CAC0620081975C /* CYLBaseViewController.h */; settings = {ATTRIBUTES = (Public, ); }; };
		267DBE4925CAC0630081975C /* UIBarButtonItem+CYLBadgeExtention.h in Headers */ = {isa = PBXBuildFile; fileRef = 267DBE2225CAC0620081975C /* UIBarButtonItem+CYLBadgeExtention.h */; settings = {ATTRIBUTES = (Public, ); }; };
		267DBE4A25CAC0630081975C /* UITabBarItem+CYLBadgeExtention.h in Headers */ = {isa = PBXBuildFile; fileRef = 267DBE2325CAC0620081975C /* UITabBarItem+CYLBadgeExtention.h */; settings = {ATTRIBUTES = (Public, ); }; };
		267DBE4B25CAC0630081975C /* UITabBarItem+CYLTabBarControllerExtention.h in Headers */ = {isa = PBXBuildFile; fileRef = 267DBE2425CAC0620081975C /* UITabBarItem+CYLTabBarControllerExtention.h */; settings = {ATTRIBUTES = (Public, ); }; };
		267DBE4C25CAC0630081975C /* UIBarButtonItem+CYLBadgeExtention.m in Sources */ = {isa = PBXBuildFile; fileRef = 267DBE2525CAC0620081975C /* UIBarButtonItem+CYLBadgeExtention.m */; };
		267DBE4D25CAC0630081975C /* UIControl+CYLTabBarControllerExtention.m in Sources */ = {isa = PBXBuildFile; fileRef = 267DBE2625CAC0620081975C /* UIControl+CYLTabBarControllerExtention.m */; };
		267DBE4E25CAC0630081975C /* UIViewController+CYLTabBarControllerExtention.h in Headers */ = {isa = PBXBuildFile; fileRef = 267DBE2725CAC0630081975C /* UIViewController+CYLTabBarControllerExtention.h */; settings = {ATTRIBUTES = (Public, ); }; };
		267DBE4F25CAC0630081975C /* CYLBaseNavigationController.m in Sources */ = {isa = PBXBuildFile; fileRef = 267DBE2825CAC0630081975C /* CYLBaseNavigationController.m */; };
		267DBE5025CAC0630081975C /* UIColor+CYLTabBarControllerExtention.m in Sources */ = {isa = PBXBuildFile; fileRef = 267DBE2925CAC0630081975C /* UIColor+CYLTabBarControllerExtention.m */; };
		56676081F69A826056C45ADD /* Pods_CYLTabBarController.framework in Frameworks */ = {isa = PBXBuildFile; fileRef = 7EA6761185EC902A2428DDB4 /* Pods_CYLTabBarController.framework */; };
		9A1559C81CB6D4D300CAB1AF /* AppDelegate.m in Sources */ = {isa = PBXBuildFile; fileRef = 9A1559C61CB6D4D300CAB1AF /* AppDelegate.m */; };
		9A1559DB1CB6D56500CAB1AF /* CYLHomeViewController.m in Sources */ = {isa = PBXBuildFile; fileRef = 9A1559CC1CB6D56500CAB1AF /* CYLHomeViewController.m */; };
		9A1559DC1CB6D56500CAB1AF /* CYLMessageViewController.m in Sources */ = {isa = PBXBuildFile; fileRef = 9A1559CF1CB6D56500CAB1AF /* CYLMessageViewController.m */; };
		9A1559DD1CB6D56500CAB1AF /* CYLMineViewController.m in Sources */ = {isa = PBXBuildFile; fileRef = 9A1559D21CB6D56500CAB1AF /* CYLMineViewController.m */; };
		9A1559DE1CB6D56500CAB1AF /* CYLDetailsViewController.m in Sources */ = {isa = PBXBuildFile; fileRef = 9A1559D51CB6D56500CAB1AF /* CYLDetailsViewController.m */; };
		9A1559DF1CB6D56500CAB1AF /* CYLSameCityViewController.m in Sources */ = {isa = PBXBuildFile; fileRef = 9A1559D71CB6D56500CAB1AF /* CYLSameCityViewController.m */; };
		9A1559E41CB6EB1F00CAB1AF /* CYLPlusButtonSubclass.m in Sources */ = {isa = PBXBuildFile; fileRef = 9A1559E31CB6EB1F00CAB1AF /* CYLPlusButtonSubclass.m */; };
		9A3865F62266FA3C008EE46F /* tab_message_animate.json in Resources */ = {isa = PBXBuildFile; fileRef = 9A3865F22266FA3C008EE46F /* tab_message_animate.json */; };
		9A3865F72266FA3C008EE46F /* tab_home_animate.json in Resources */ = {isa = PBXBuildFile; fileRef = 9A3865F32266FA3C008EE46F /* tab_home_animate.json */; };
		9A3865F82266FA3C008EE46F /* tab_search_animate.json in Resources */ = {isa = PBXBuildFile; fileRef = 9A3865F42266FA3C008EE46F /* tab_search_animate.json */; };
		9A3865F92266FA3C008EE46F /* tab_me_animate.json in Resources */ = {isa = PBXBuildFile; fileRef = 9A3865F52266FA3C008EE46F /* tab_me_animate.json */; };
		9A7C59902181C39000EDB266 /* MainTabBarController.m in Sources */ = {isa = PBXBuildFile; fileRef = 9A7C598E2181C39000EDB266 /* MainTabBarController.m */; };
		9A98017D2461249F00E65289 /* green_lottie_tab_mine.json in Resources */ = {isa = PBXBuildFile; fileRef = 9A9801792461249F00E65289 /* green_lottie_tab_mine.json */; };
		9A98017E2461249F00E65289 /* green_lottie_tab_discover.json in Resources */ = {isa = PBXBuildFile; fileRef = 9A98017A2461249F00E65289 /* green_lottie_tab_discover.json */; };
		9A98017F2461249F00E65289 /* green_lottie_tab_news.json in Resources */ = {isa = PBXBuildFile; fileRef = 9A98017B2461249F00E65289 /* green_lottie_tab_news.json */; };
		9A9801802461249F00E65289 /* green_lottie_tab_home.json in Resources */ = {isa = PBXBuildFile; fileRef = 9A98017C2461249F00E65289 /* green_lottie_tab_home.json */; };
		9AC0181B1FE90AA1001EC2D6 /* CYLPlusDemoChildViewController.m in Sources */ = {isa = PBXBuildFile; fileRef = 9AC0181A1FE90AA1001EC2D6 /* CYLPlusDemoChildViewController.m */; };
		9AD7F5B022B7D4B6004BF0A0 /* gray_tabbar_me_animation.json in Resources */ = {isa = PBXBuildFile; fileRef = 9AD7F5AD22B7D4B6004BF0A0 /* gray_tabbar_me_animation.json */; };
		9AD7F5B122B7D4B6004BF0A0 /* gray_tabbar_home_animation.json in Resources */ = {isa = PBXBuildFile; fileRef = 9AD7F5AE22B7D4B6004BF0A0 /* gray_tabbar_home_animation.json */; };
		9AD7F5B222B7D4B6004BF0A0 /* gray_tabbar_message_animation.json in Resources */ = {isa = PBXBuildFile; fileRef = 9AD7F5AF22B7D4B6004BF0A0 /* gray_tabbar_message_animation.json */; };
		9AD7F5BA22B7D695004BF0A0 /* img_tab_message_0.png in Resources */ = {isa = PBXBuildFile; fileRef = 9AD7F5B322B7D694004BF0A0 /* img_tab_message_0.png */; };
		9AD7F5BB22B7D695004BF0A0 /* img_tab_me_1.png in Resources */ = {isa = PBXBuildFile; fileRef = 9AD7F5B422B7D694004BF0A0 /* img_tab_me_1.png */; };
		9AD7F5BC22B7D695004BF0A0 /* img_tab_home_1.png in Resources */ = {isa = PBXBuildFile; fileRef = 9AD7F5B522B7D694004BF0A0 /* img_tab_home_1.png */; };
		9AD7F5BD22B7D695004BF0A0 /* img_tab_home_2.png in Resources */ = {isa = PBXBuildFile; fileRef = 9AD7F5B622B7D695004BF0A0 /* img_tab_home_2.png */; };
		9AD7F5BE22B7D695004BF0A0 /* img_tab_home_0.png in Resources */ = {isa = PBXBuildFile; fileRef = 9AD7F5B722B7D695004BF0A0 /* img_tab_home_0.png */; };
		9AD7F5BF22B7D695004BF0A0 /* img_tab_message_1.png in Resources */ = {isa = PBXBuildFile; fileRef = 9AD7F5B822B7D695004BF0A0 /* img_tab_message_1.png */; };
		9AD7F5C022B7D695004BF0A0 /* img_tab_me_0.png in Resources */ = {isa = PBXBuildFile; fileRef = 9AD7F5B922B7D695004BF0A0 /* img_tab_me_0.png */; };
		9AE0BD3122303BA800302A35 /* CYLMainRootViewController.m in Sources */ = {isa = PBXBuildFile; fileRef = 9AE0BD3022303BA800302A35 /* CYLMainRootViewController.m */; };
		9AE942E71BDC933E00354519 /* LaunchScreen.xib in Resources */ = {isa = PBXBuildFile; fileRef = 9AE942CB1BDC933E00354519 /* LaunchScreen.xib */; };
		9AE942E81BDC933E00354519 /* Main.storyboard in Resources */ = {isa = PBXBuildFile; fileRef = 9AE942CD1BDC933E00354519 /* Main.storyboard */; };
		9AE942EF1BDC933E00354519 /* Images.xcassets in Resources */ = {isa = PBXBuildFile; fileRef = 9AE942E31BDC933E00354519 /* Images.xcassets */; };
		9AE942F11BDC933E00354519 /* main.m in Sources */ = {isa = PBXBuildFile; fileRef = 9AE942E51BDC933E00354519 /* main.m */; };
/* End PBXBuildFile section */

/* Begin PBXContainerItemProxy section */
		267DBDFA25CAC0320081975C /* PBXContainerItemProxy */ = {
			isa = PBXContainerItemProxy;
			containerPortal = 9AE9426C1BDC91B800354519 /* Project object */;
			proxyType = 1;
			remoteGlobalIDString = 267DBDF425CAC0320081975C;
			remoteInfo = CYLTabBarController;
		};
/* End PBXContainerItemProxy section */

/* Begin PBXCopyFilesBuildPhase section */
		267DBE0125CAC0320081975C /* Embed Frameworks */ = {
			isa = PBXCopyFilesBuildPhase;
			buildActionMask = 2147483647;
			dstPath = "";
			dstSubfolderSpec = 10;
			files = (
				267DBDFD25CAC0320081975C /* CYLTabBarController.framework in Embed Frameworks */,
			);
			name = "Embed Frameworks";
			runOnlyForDeploymentPostprocessing = 0;
		};
/* End PBXCopyFilesBuildPhase section */

/* Begin PBXFileReference section */
		267DBDF525CAC0320081975C /* CYLTabBarController.framework */ = {isa = PBXFileReference; explicitFileType = wrapper.framework; includeInIndex = 0; path = CYLTabBarController.framework; sourceTree = BUILT_PRODUCTS_DIR; };
		267DBDF725CAC0320081975C /* CYLTabBarController.h */ = {isa = PBXFileReference; lastKnownFileType = sourcecode.c.h; path = CYLTabBarController.h; sourceTree = "<group>"; };
		267DBDF825CAC0320081975C /* Info.plist */ = {isa = PBXFileReference; lastKnownFileType = text.plist.xml; path = Info.plist; sourceTree = "<group>"; };
		267DBE0325CAC0610081975C /* UITabBarItem+CYLTabBarControllerExtention.m */ = {isa = PBXFileReference; fileEncoding = 4; lastKnownFileType = sourcecode.c.objc; path = "UITabBarItem+CYLTabBarControllerExtention.m"; sourceTree = "<group>"; };
		267DBE0425CAC0610081975C /* UIImage+CYLTabBarControllerExtention.h */ = {isa = PBXFileReference; fileEncoding = 4; lastKnownFileType = sourcecode.c.h; path = "UIImage+CYLTabBarControllerExtention.h"; sourceTree = "<group>"; };
		267DBE0525CAC0610081975C /* UIImage+CYLTabBarControllerExtention.m */ = {isa = PBXFileReference; fileEncoding = 4; lastKnownFileType = sourcecode.c.objc; path = "UIImage+CYLTabBarControllerExtention.m"; sourceTree = "<group>"; };
		267DBE0625CAC0610081975C /* UIColor+CYLTabBarControllerExtention.h */ = {isa = PBXFileReference; fileEncoding = 4; lastKnownFileType = sourcecode.c.h; path = "UIColor+CYLTabBarControllerExtention.h"; sourceTree = "<group>"; };
		267DBE0725CAC0610081975C /* NSObject+CYLTabBarControllerExtention.m */ = {isa = PBXFileReference; fileEncoding = 4; lastKnownFileType = sourcecode.c.objc; path = "NSObject+CYLTabBarControllerExtention.m"; sourceTree = "<group>"; };
		267DBE0825CAC0610081975C /* CYLBaseViewController.m */ = {isa = PBXFileReference; fileEncoding = 4; lastKnownFileType = sourcecode.c.objc; path = CYLBaseViewController.m; sourceTree = "<group>"; };
		267DBE0925CAC0610081975C /* CYLTabBarController.m */ = {isa = PBXFileReference; fileEncoding = 4; lastKnownFileType = sourcecode.c.objc; path = CYLTabBarController.m; sourceTree = "<group>"; };
		267DBE0A25CAC0610081975C /* UIView+CYLTabBarControllerExtention.m */ = {isa = PBXFileReference; fileEncoding = 4; lastKnownFileType = sourcecode.c.objc; path = "UIView+CYLTabBarControllerExtention.m"; sourceTree = "<group>"; };
		267DBE0B25CAC0610081975C /* CYLTabBar.h */ = {isa = PBXFileReference; fileEncoding = 4; lastKnownFileType = sourcecode.c.h; path = CYLTabBar.h; sourceTree = "<group>"; };
		267DBE0C25CAC0610081975C /* CYLPlusButton.h */ = {isa = PBXFileReference; fileEncoding = 4; lastKnownFileType = sourcecode.c.h; path = CYLPlusButton.h; sourceTree = "<group>"; };
		267DBE0D25CAC0610081975C /* UITabBarItem+CYLBadgeExtention.m */ = {isa = PBXFileReference; fileEncoding = 4; lastKnownFileType = sourcecode.c.objc; path = "UITabBarItem+CYLBadgeExtention.m"; sourceTree = "<group>"; };
		267DBE0E25CAC0610081975C /* CYLTabBar.m */ = {isa = PBXFileReference; fileEncoding = 4; lastKnownFileType = sourcecode.c.objc; path = CYLTabBar.m; sourceTree = "<group>"; };
		267DBE0F25CAC0610081975C /* CYLBadgeProtocol.h */ = {isa = PBXFileReference; fileEncoding = 4; lastKnownFileType = sourcecode.c.h; path = CYLBadgeProtocol.h; sourceTree = "<group>"; };
		267DBE1025CAC0610081975C /* CYLPlusButton.m */ = {isa = PBXFileReference; fileEncoding = 4; lastKnownFileType = sourcecode.c.objc; path = CYLPlusButton.m; sourceTree = "<group>"; };
		267DBE1125CAC0610081975C /* CYLTabBar+CYLTabBarControllerExtention.m */ = {isa = PBXFileReference; fileEncoding = 4; lastKnownFileType = sourcecode.c.objc; path = "CYLTabBar+CYLTabBarControllerExtention.m"; sourceTree = "<group>"; };
		267DBE1225CAC0610081975C /* CYLBaseTableViewController.m */ = {isa = PBXFileReference; fileEncoding = 4; lastKnownFileType = sourcecode.c.objc; path = CYLBaseTableViewController.m; sourceTree = "<group>"; };
		267DBE1325CAC0620081975C /* UIView+CYLBadgeExtention.h */ = {isa = PBXFileReference; fileEncoding = 4; lastKnownFileType = sourcecode.c.h; path = "UIView+CYLBadgeExtention.h"; sourceTree = "<group>"; };
		267DBE1425CAC0620081975C /* UIView+CYLBadgeExtention.m */ = {isa = PBXFileReference; fileEncoding = 4; lastKnownFileType = sourcecode.c.objc; path = "UIView+CYLBadgeExtention.m"; sourceTree = "<group>"; };
		267DBE1525CAC0620081975C /* CAAnimation+CYLBadgeExtention.m */ = {isa = PBXFileReference; fileEncoding = 4; lastKnownFileType = sourcecode.c.objc; path = "CAAnimation+CYLBadgeExtention.m"; sourceTree = "<group>"; };
		267DBE1625CAC0620081975C /* NSObject+CYLTabBarControllerExtention.h */ = {isa = PBXFileReference; fileEncoding = 4; lastKnownFileType = sourcecode.c.h; path = "NSObject+CYLTabBarControllerExtention.h"; sourceTree = "<group>"; };
		267DBE1725CAC0620081975C /* CYLBaseNavigationController.h */ = {isa = PBXFileReference; fileEncoding = 4; lastKnownFileType = sourcecode.c.h; path = CYLBaseNavigationController.h; sourceTree = "<group>"; };
		267DBE1825CAC0620081975C /* UIView+CYLTabBarControllerExtention.h */ = {isa = PBXFileReference; fileEncoding = 4; lastKnownFileType = sourcecode.c.h; path = "UIView+CYLTabBarControllerExtention.h"; sourceTree = "<group>"; };
		267DBE1925CAC0620081975C /* CYLBaseTableViewController.h */ = {isa = PBXFileReference; fileEncoding = 4; lastKnownFileType = sourcecode.c.h; path = CYLBaseTableViewController.h; sourceTree = "<group>"; };
		267DBE1A25CAC0620081975C /* UIViewController+CYLNavigationControllerExtention.h */ = {isa = PBXFileReference; fileEncoding = 4; lastKnownFileType = sourcecode.c.h; path = "UIViewController+CYLNavigationControllerExtention.h"; sourceTree = "<group>"; };
		267DBE1B25CAC0620081975C /* UIViewController+CYLTabBarControllerExtention.m */ = {isa = PBXFileReference; fileEncoding = 4; lastKnownFileType = sourcecode.c.objc; path = "UIViewController+CYLTabBarControllerExtention.m"; sourceTree = "<group>"; };
		267DBE1C25CAC0620081975C /* CYLConstants.h */ = {isa = PBXFileReference; fileEncoding = 4; lastKnownFileType = sourcecode.c.h; path = CYLConstants.h; sourceTree = "<group>"; };
		267DBE1D25CAC0620081975C /* CAAnimation+CYLBadgeExtention.h */ = {isa = PBXFileReference; fileEncoding = 4; lastKnownFileType = sourcecode.c.h; path = "CAAnimation+CYLBadgeExtention.h"; sourceTree = "<group>"; };
		267DBE1E25CAC0620081975C /* UIViewController+CYLNavigationControllerExtention.m */ = {isa = PBXFileReference; fileEncoding = 4; lastKnownFileType = sourcecode.c.objc; path = "UIViewController+CYLNavigationControllerExtention.m"; sourceTree = "<group>"; };
		267DBE1F25CAC0620081975C /* UIControl+CYLTabBarControllerExtention.h */ = {isa = PBXFileReference; fileEncoding = 4; lastKnownFileType = sourcecode.c.h; path = "UIControl+CYLTabBarControllerExtention.h"; sourceTree = "<group>"; };
		267DBE2025CAC0620081975C /* CYLTabBar+CYLTabBarControllerExtention.h */ = {isa = PBXFileReference; fileEncoding = 4; lastKnownFileType = sourcecode.c.h; path = "CYLTabBar+CYLTabBarControllerExtention.h"; sourceTree = "<group>"; };
		267DBE2125CAC0620081975C /* CYLBaseViewController.h */ = {isa = PBXFileReference; fileEncoding = 4; lastKnownFileType = sourcecode.c.h; path = CYLBaseViewController.h; sourceTree = "<group>"; };
		267DBE2225CAC0620081975C /* UIBarButtonItem+CYLBadgeExtention.h */ = {isa = PBXFileReference; fileEncoding = 4; lastKnownFileType = sourcecode.c.h; path = "UIBarButtonItem+CYLBadgeExtention.h"; sourceTree = "<group>"; };
		267DBE2325CAC0620081975C /* UITabBarItem+CYLBadgeExtention.h */ = {isa = PBXFileReference; fileEncoding = 4; lastKnownFileType = sourcecode.c.h; path = "UITabBarItem+CYLBadgeExtention.h"; sourceTree = "<group>"; };
		267DBE2425CAC0620081975C /* UITabBarItem+CYLTabBarControllerExtention.h */ = {isa = PBXFileReference; fileEncoding = 4; lastKnownFileType = sourcecode.c.h; path = "UITabBarItem+CYLTabBarControllerExtention.h"; sourceTree = "<group>"; };
		267DBE2525CAC0620081975C /* UIBarButtonItem+CYLBadgeExtention.m */ = {isa = PBXFileReference; fileEncoding = 4; lastKnownFileType = sourcecode.c.objc; path = "UIBarButtonItem+CYLBadgeExtention.m"; sourceTree = "<group>"; };
		267DBE2625CAC0620081975C /* UIControl+CYLTabBarControllerExtention.m */ = {isa = PBXFileReference; fileEncoding = 4; lastKnownFileType = sourcecode.c.objc; path = "UIControl+CYLTabBarControllerExtention.m"; sourceTree = "<group>"; };
		267DBE2725CAC0630081975C /* UIViewController+CYLTabBarControllerExtention.h */ = {isa = PBXFileReference; fileEncoding = 4; lastKnownFileType = sourcecode.c.h; path = "UIViewController+CYLTabBarControllerExtention.h"; sourceTree = "<group>"; };
		267DBE2825CAC0630081975C /* CYLBaseNavigationController.m */ = {isa = PBXFileReference; fileEncoding = 4; lastKnownFileType = sourcecode.c.objc; path = CYLBaseNavigationController.m; sourceTree = "<group>"; };
		267DBE2925CAC0630081975C /* UIColor+CYLTabBarControllerExtention.m */ = {isa = PBXFileReference; fileEncoding = 4; lastKnownFileType = sourcecode.c.objc; path = "UIColor+CYLTabBarControllerExtention.m"; sourceTree = "<group>"; };
		7EA6761185EC902A2428DDB4 /* Pods_CYLTabBarController.framework */ = {isa = PBXFileReference; explicitFileType = wrapper.framework; includeInIndex = 0; path = Pods_CYLTabBarController.framework; sourceTree = BUILT_PRODUCTS_DIR; };
		89D5086598A9EFD751C286DB /* Pods-CYLTabBarController.debug.xcconfig */ = {isa = PBXFileReference; includeInIndex = 1; lastKnownFileType = text.xcconfig; name = "Pods-CYLTabBarController.debug.xcconfig"; path = "Target Support Files/Pods-CYLTabBarController/Pods-CYLTabBarController.debug.xcconfig"; sourceTree = "<group>"; };
		8A12E1E008D40054CA1B0110 /* Pods-CYLTabBarController.release.xcconfig */ = {isa = PBXFileReference; includeInIndex = 1; lastKnownFileType = text.xcconfig; name = "Pods-CYLTabBarController.release.xcconfig"; path = "Target Support Files/Pods-CYLTabBarController/Pods-CYLTabBarController.release.xcconfig"; sourceTree = "<group>"; };
		9A1559C61CB6D4D300CAB1AF /* AppDelegate.m */ = {isa = PBXFileReference; fileEncoding = 4; lastKnownFileType = sourcecode.c.objc; path = AppDelegate.m; sourceTree = "<group>"; };
		9A1559C71CB6D4D300CAB1AF /* AppDelegate.h */ = {isa = PBXFileReference; fileEncoding = 4; lastKnownFileType = sourcecode.c.h; path = AppDelegate.h; sourceTree = "<group>"; };
		9A1559CB1CB6D56500CAB1AF /* CYLHomeViewController.h */ = {isa = PBXFileReference; fileEncoding = 4; lastKnownFileType = sourcecode.c.h; path = CYLHomeViewController.h; sourceTree = "<group>"; };
		9A1559CC1CB6D56500CAB1AF /* CYLHomeViewController.m */ = {isa = PBXFileReference; fileEncoding = 4; lastKnownFileType = sourcecode.c.objc; path = CYLHomeViewController.m; sourceTree = "<group>"; };
		9A1559CE1CB6D56500CAB1AF /* CYLMessageViewController.h */ = {isa = PBXFileReference; fileEncoding = 4; lastKnownFileType = sourcecode.c.h; path = CYLMessageViewController.h; sourceTree = "<group>"; };
		9A1559CF1CB6D56500CAB1AF /* CYLMessageViewController.m */ = {isa = PBXFileReference; fileEncoding = 4; lastKnownFileType = sourcecode.c.objc; path = CYLMessageViewController.m; sourceTree = "<group>"; };
		9A1559D11CB6D56500CAB1AF /* CYLMineViewController.h */ = {isa = PBXFileReference; fileEncoding = 4; lastKnownFileType = sourcecode.c.h; path = CYLMineViewController.h; sourceTree = "<group>"; };
		9A1559D21CB6D56500CAB1AF /* CYLMineViewController.m */ = {isa = PBXFileReference; fileEncoding = 4; lastKnownFileType = sourcecode.c.objc; path = CYLMineViewController.m; sourceTree = "<group>"; };
		9A1559D41CB6D56500CAB1AF /* CYLDetailsViewController.h */ = {isa = PBXFileReference; fileEncoding = 4; lastKnownFileType = sourcecode.c.h; path = CYLDetailsViewController.h; sourceTree = "<group>"; };
		9A1559D51CB6D56500CAB1AF /* CYLDetailsViewController.m */ = {isa = PBXFileReference; fileEncoding = 4; lastKnownFileType = sourcecode.c.objc; path = CYLDetailsViewController.m; sourceTree = "<group>"; };
		9A1559D61CB6D56500CAB1AF /* CYLSameCityViewController.h */ = {isa = PBXFileReference; fileEncoding = 4; lastKnownFileType = sourcecode.c.h; path = CYLSameCityViewController.h; sourceTree = "<group>"; };
		9A1559D71CB6D56500CAB1AF /* CYLSameCityViewController.m */ = {isa = PBXFileReference; fileEncoding = 4; lastKnownFileType = sourcecode.c.objc; path = CYLSameCityViewController.m; sourceTree = "<group>"; };
		9A1559E21CB6EB1F00CAB1AF /* CYLPlusButtonSubclass.h */ = {isa = PBXFileReference; fileEncoding = 4; lastKnownFileType = sourcecode.c.h; path = CYLPlusButtonSubclass.h; sourceTree = "<group>"; };
		9A1559E31CB6EB1F00CAB1AF /* CYLPlusButtonSubclass.m */ = {isa = PBXFileReference; fileEncoding = 4; lastKnownFileType = sourcecode.c.objc; path = CYLPlusButtonSubclass.m; sourceTree = "<group>"; };
		9A3865F22266FA3C008EE46F /* tab_message_animate.json */ = {isa = PBXFileReference; fileEncoding = 4; lastKnownFileType = text.json; path = tab_message_animate.json; sourceTree = "<group>"; };
		9A3865F32266FA3C008EE46F /* tab_home_animate.json */ = {isa = PBXFileReference; fileEncoding = 4; lastKnownFileType = text.json; path = tab_home_animate.json; sourceTree = "<group>"; };
		9A3865F42266FA3C008EE46F /* tab_search_animate.json */ = {isa = PBXFileReference; fileEncoding = 4; lastKnownFileType = text.json; path = tab_search_animate.json; sourceTree = "<group>"; };
		9A3865F52266FA3C008EE46F /* tab_me_animate.json */ = {isa = PBXFileReference; fileEncoding = 4; lastKnownFileType = text.json; path = tab_me_animate.json; sourceTree = "<group>"; };
		9A579C98225F6E3A00F3C8F0 /* Location.gpx */ = {isa = PBXFileReference; lastKnownFileType = text.xml; name = Location.gpx; path = ../../../../../Location.gpx; sourceTree = "<group>"; };
		9A7C598E2181C39000EDB266 /* MainTabBarController.m */ = {isa = PBXFileReference; fileEncoding = 4; lastKnownFileType = sourcecode.c.objc; path = MainTabBarController.m; sourceTree = "<group>"; };
		9A7C598F2181C39000EDB266 /* MainTabBarController.h */ = {isa = PBXFileReference; fileEncoding = 4; lastKnownFileType = sourcecode.c.h; path = MainTabBarController.h; sourceTree = "<group>"; };
		9A9801792461249F00E65289 /* green_lottie_tab_mine.json */ = {isa = PBXFileReference; fileEncoding = 4; lastKnownFileType = text.json; path = green_lottie_tab_mine.json; sourceTree = "<group>"; };
		9A98017A2461249F00E65289 /* green_lottie_tab_discover.json */ = {isa = PBXFileReference; fileEncoding = 4; lastKnownFileType = text.json; path = green_lottie_tab_discover.json; sourceTree = "<group>"; };
		9A98017B2461249F00E65289 /* green_lottie_tab_news.json */ = {isa = PBXFileReference; fileEncoding = 4; lastKnownFileType = text.json; path = green_lottie_tab_news.json; sourceTree = "<group>"; };
		9A98017C2461249F00E65289 /* green_lottie_tab_home.json */ = {isa = PBXFileReference; fileEncoding = 4; lastKnownFileType = text.json; path = green_lottie_tab_home.json; sourceTree = "<group>"; };
		9AC018191FE90AA1001EC2D6 /* CYLPlusDemoChildViewController.h */ = {isa = PBXFileReference; lastKnownFileType = sourcecode.c.h; path = CYLPlusDemoChildViewController.h; sourceTree = "<group>"; };
		9AC0181A1FE90AA1001EC2D6 /* CYLPlusDemoChildViewController.m */ = {isa = PBXFileReference; lastKnownFileType = sourcecode.c.objc; path = CYLPlusDemoChildViewController.m; sourceTree = "<group>"; };
		9AD7F5AD22B7D4B6004BF0A0 /* gray_tabbar_me_animation.json */ = {isa = PBXFileReference; fileEncoding = 4; lastKnownFileType = text.json; path = gray_tabbar_me_animation.json; sourceTree = "<group>"; };
		9AD7F5AE22B7D4B6004BF0A0 /* gray_tabbar_home_animation.json */ = {isa = PBXFileReference; fileEncoding = 4; lastKnownFileType = text.json; path = gray_tabbar_home_animation.json; sourceTree = "<group>"; };
		9AD7F5AF22B7D4B6004BF0A0 /* gray_tabbar_message_animation.json */ = {isa = PBXFileReference; fileEncoding = 4; lastKnownFileType = text.json; path = gray_tabbar_message_animation.json; sourceTree = "<group>"; };
		9AD7F5B322B7D694004BF0A0 /* img_tab_message_0.png */ = {isa = PBXFileReference; lastKnownFileType = image.png; path = img_tab_message_0.png; sourceTree = "<group>"; };
		9AD7F5B422B7D694004BF0A0 /* img_tab_me_1.png */ = {isa = PBXFileReference; lastKnownFileType = image.png; path = img_tab_me_1.png; sourceTree = "<group>"; };
		9AD7F5B522B7D694004BF0A0 /* img_tab_home_1.png */ = {isa = PBXFileReference; lastKnownFileType = image.png; path = img_tab_home_1.png; sourceTree = "<group>"; };
		9AD7F5B622B7D695004BF0A0 /* img_tab_home_2.png */ = {isa = PBXFileReference; lastKnownFileType = image.png; path = img_tab_home_2.png; sourceTree = "<group>"; };
		9AD7F5B722B7D695004BF0A0 /* img_tab_home_0.png */ = {isa = PBXFileReference; lastKnownFileType = image.png; path = img_tab_home_0.png; sourceTree = "<group>"; };
		9AD7F5B822B7D695004BF0A0 /* img_tab_message_1.png */ = {isa = PBXFileReference; lastKnownFileType = image.png; path = img_tab_message_1.png; sourceTree = "<group>"; };
		9AD7F5B922B7D695004BF0A0 /* img_tab_me_0.png */ = {isa = PBXFileReference; lastKnownFileType = image.png; path = img_tab_me_0.png; sourceTree = "<group>"; };
		9AE0BD2F22303BA800302A35 /* CYLMainRootViewController.h */ = {isa = PBXFileReference; lastKnownFileType = sourcecode.c.h; path = CYLMainRootViewController.h; sourceTree = "<group>"; };
		9AE0BD3022303BA800302A35 /* CYLMainRootViewController.m */ = {isa = PBXFileReference; lastKnownFileType = sourcecode.c.objc; path = CYLMainRootViewController.m; sourceTree = "<group>"; };
		9AE942741BDC91B800354519 /* CYLTabBarControllerDemo.app */ = {isa = PBXFileReference; explicitFileType = wrapper.application; includeInIndex = 0; path = CYLTabBarControllerDemo.app; sourceTree = BUILT_PRODUCTS_DIR; };
		9AE942921BDC91B900354519 /* Info.plist */ = {isa = PBXFileReference; lastKnownFileType = text.plist.xml; path = Info.plist; sourceTree = "<group>"; };
		9AE942931BDC91B900354519 /* CYLTabBarControllerTests.m */ = {isa = PBXFileReference; lastKnownFileType = sourcecode.c.objc; path = CYLTabBarControllerTests.m; sourceTree = "<group>"; };
		9AE942CC1BDC933E00354519 /* Base */ = {isa = PBXFileReference; lastKnownFileType = file.xib; name = Base; path = Base.lproj/LaunchScreen.xib; sourceTree = "<group>"; };
		9AE942CE1BDC933E00354519 /* Base */ = {isa = PBXFileReference; lastKnownFileType = file.storyboard; name = Base; path = Base.lproj/Main.storyboard; sourceTree = "<group>"; };
		9AE942E31BDC933E00354519 /* Images.xcassets */ = {isa = PBXFileReference; lastKnownFileType = folder.assetcatalog; path = Images.xcassets; sourceTree = "<group>"; };
		9AE942E41BDC933E00354519 /* Info.plist */ = {isa = PBXFileReference; fileEncoding = 4; lastKnownFileType = text.plist.xml; path = Info.plist; sourceTree = "<group>"; };
		9AE942E51BDC933E00354519 /* main.m */ = {isa = PBXFileReference; fileEncoding = 4; lastKnownFileType = sourcecode.c.objc; path = main.m; sourceTree = "<group>"; };
/* End PBXFileReference section */

/* Begin PBXFrameworksBuildPhase section */
		267DBDF225CAC0320081975C /* Frameworks */ = {
			isa = PBXFrameworksBuildPhase;
			buildActionMask = 2147483647;
			files = (
			);
			runOnlyForDeploymentPostprocessing = 0;
		};
		9AE942711BDC91B800354519 /* Frameworks */ = {
			isa = PBXFrameworksBuildPhase;
			buildActionMask = 2147483647;
			files = (
				56676081F69A826056C45ADD /* Pods_CYLTabBarController.framework in Frameworks */,
				267DBDFC25CAC0320081975C /* CYLTabBarController.framework in Frameworks */,
			);
			runOnlyForDeploymentPostprocessing = 0;
		};
/* End PBXFrameworksBuildPhase section */

/* Begin PBXGroup section */
		267DBDF625CAC0320081975C /* CYLTabBarController */ = {
			isa = PBXGroup;
			children = (
				267DBE1D25CAC0620081975C /* CAAnimation+CYLBadgeExtention.h */,
				267DBE1525CAC0620081975C /* CAAnimation+CYLBadgeExtention.m */,
				267DBE0F25CAC0610081975C /* CYLBadgeProtocol.h */,
				267DBE1725CAC0620081975C /* CYLBaseNavigationController.h */,
				267DBE2825CAC0630081975C /* CYLBaseNavigationController.m */,
				267DBE1925CAC0620081975C /* CYLBaseTableViewController.h */,
				267DBE1225CAC0610081975C /* CYLBaseTableViewController.m */,
				267DBE2125CAC0620081975C /* CYLBaseViewController.h */,
				267DBE0825CAC0610081975C /* CYLBaseViewController.m */,
				267DBE1C25CAC0620081975C /* CYLConstants.h */,
				267DBE0C25CAC0610081975C /* CYLPlusButton.h */,
				267DBE1025CAC0610081975C /* CYLPlusButton.m */,
				267DBE0B25CAC0610081975C /* CYLTabBar.h */,
				267DBE0E25CAC0610081975C /* CYLTabBar.m */,
				267DBE2025CAC0620081975C /* CYLTabBar+CYLTabBarControllerExtention.h */,
				267DBE1125CAC0610081975C /* CYLTabBar+CYLTabBarControllerExtention.m */,
				267DBE0925CAC0610081975C /* CYLTabBarController.m */,
				267DBE1625CAC0620081975C /* NSObject+CYLTabBarControllerExtention.h */,
				267DBE0725CAC0610081975C /* NSObject+CYLTabBarControllerExtention.m */,
				267DBE2225CAC0620081975C /* UIBarButtonItem+CYLBadgeExtention.h */,
				267DBE2525CAC0620081975C /* UIBarButtonItem+CYLBadgeExtention.m */,
				267DBE0625CAC0610081975C /* UIColor+CYLTabBarControllerExtention.h */,
				267DBE2925CAC0630081975C /* UIColor+CYLTabBarControllerExtention.m */,
				267DBE1F25CAC0620081975C /* UIControl+CYLTabBarControllerExtention.h */,
				267DBE2625CAC0620081975C /* UIControl+CYLTabBarControllerExtention.m */,
				267DBE0425CAC0610081975C /* UIImage+CYLTabBarControllerExtention.h */,
				267DBE0525CAC0610081975C /* UIImage+CYLTabBarControllerExtention.m */,
				267DBE2325CAC0620081975C /* UITabBarItem+CYLBadgeExtention.h */,
				267DBE0D25CAC0610081975C /* UITabBarItem+CYLBadgeExtention.m */,
				267DBE2425CAC0620081975C /* UITabBarItem+CYLTabBarControllerExtention.h */,
				267DBE0325CAC0610081975C /* UITabBarItem+CYLTabBarControllerExtention.m */,
				267DBE1325CAC0620081975C /* UIView+CYLBadgeExtention.h */,
				267DBE1425CAC0620081975C /* UIView+CYLBadgeExtention.m */,
				267DBE1825CAC0620081975C /* UIView+CYLTabBarControllerExtention.h */,
				267DBE0A25CAC0610081975C /* UIView+CYLTabBarControllerExtention.m */,
				267DBE1A25CAC0620081975C /* UIViewController+CYLNavigationControllerExtention.h */,
				267DBE1E25CAC0620081975C /* UIViewController+CYLNavigationControllerExtention.m */,
				267DBE2725CAC0630081975C /* UIViewController+CYLTabBarControllerExtention.h */,
				267DBE1B25CAC0620081975C /* UIViewController+CYLTabBarControllerExtention.m */,
				267DBDF725CAC0320081975C /* CYLTabBarController.h */,
				267DBDF825CAC0320081975C /* Info.plist */,
			);
			path = CYLTabBarController;
			sourceTree = "<group>";
		};
		36A0A7E83F2E6D2B770F8CDA /* Pods */ = {
			isa = PBXGroup;
			children = (
				89D5086598A9EFD751C286DB /* Pods-CYLTabBarController.debug.xcconfig */,
				8A12E1E008D40054CA1B0110 /* Pods-CYLTabBarController.release.xcconfig */,
			);
			path = Pods;
			sourceTree = "<group>";
		};
		7D5EF7117AB467CA9F870F71 /* Frameworks */ = {
			isa = PBXGroup;
			children = (
				7EA6761185EC902A2428DDB4 /* Pods_CYLTabBarController.framework */,
			);
			name = Frameworks;
			sourceTree = "<group>";
		};
		9A1559C91CB6D56500CAB1AF /* Module */ = {
			isa = PBXGroup;
			children = (
				9AC018181FE90A70001EC2D6 /* Other */,
				9A1559CA1CB6D56500CAB1AF /* Home */,
				9A1559CD1CB6D56500CAB1AF /* Message */,
				9A1559D01CB6D56500CAB1AF /* Mine */,
				9A1559D31CB6D56500CAB1AF /* SameCity */,
			);
			path = Module;
			sourceTree = "<group>";
		};
		9A1559CA1CB6D56500CAB1AF /* Home */ = {
			isa = PBXGroup;
			children = (
				9A1559CB1CB6D56500CAB1AF /* CYLHomeViewController.h */,
				9A1559CC1CB6D56500CAB1AF /* CYLHomeViewController.m */,
			);
			path = Home;
			sourceTree = "<group>";
		};
		9A1559CD1CB6D56500CAB1AF /* Message */ = {
			isa = PBXGroup;
			children = (
				9A1559CE1CB6D56500CAB1AF /* CYLMessageViewController.h */,
				9A1559CF1CB6D56500CAB1AF /* CYLMessageViewController.m */,
			);
			path = Message;
			sourceTree = "<group>";
		};
		9A1559D01CB6D56500CAB1AF /* Mine */ = {
			isa = PBXGroup;
			children = (
				9A1559D11CB6D56500CAB1AF /* CYLMineViewController.h */,
				9A1559D21CB6D56500CAB1AF /* CYLMineViewController.m */,
			);
			path = Mine;
			sourceTree = "<group>";
		};
		9A1559D31CB6D56500CAB1AF /* SameCity */ = {
			isa = PBXGroup;
			children = (
				9A1559D41CB6D56500CAB1AF /* CYLDetailsViewController.h */,
				9A1559D51CB6D56500CAB1AF /* CYLDetailsViewController.m */,
				9A1559D61CB6D56500CAB1AF /* CYLSameCityViewController.h */,
				9A1559D71CB6D56500CAB1AF /* CYLSameCityViewController.m */,
				9A579C98225F6E3A00F3C8F0 /* Location.gpx */,
			);
			path = SameCity;
			sourceTree = "<group>";
		};
		9A1559E11CB6EB1F00CAB1AF /* View */ = {
			isa = PBXGroup;
			children = (
				9A1559E21CB6EB1F00CAB1AF /* CYLPlusButtonSubclass.h */,
				9A1559E31CB6EB1F00CAB1AF /* CYLPlusButtonSubclass.m */,
			);
			path = View;
			sourceTree = "<group>";
		};
		9A3865CF22663549008EE46F /* Other */ = {
			isa = PBXGroup;
			children = (
				9A3865D5226635A1008EE46F /* LottieResources */,
			);
			path = Other;
			sourceTree = "<group>";
		};
		9A3865D5226635A1008EE46F /* LottieResources */ = {
			isa = PBXGroup;
			children = (
				9AD7F5B722B7D695004BF0A0 /* img_tab_home_0.png */,
				9AD7F5B522B7D694004BF0A0 /* img_tab_home_1.png */,
				9AD7F5B622B7D695004BF0A0 /* img_tab_home_2.png */,
				9AD7F5B922B7D695004BF0A0 /* img_tab_me_0.png */,
				9AD7F5B422B7D694004BF0A0 /* img_tab_me_1.png */,
				9AD7F5B322B7D694004BF0A0 /* img_tab_message_0.png */,
				9AD7F5B822B7D695004BF0A0 /* img_tab_message_1.png */,
				9AD7F5AE22B7D4B6004BF0A0 /* gray_tabbar_home_animation.json */,
				9AD7F5AD22B7D4B6004BF0A0 /* gray_tabbar_me_animation.json */,
				9AD7F5AF22B7D4B6004BF0A0 /* gray_tabbar_message_animation.json */,
				9A3865F32266FA3C008EE46F /* tab_home_animate.json */,
				9A3865F52266FA3C008EE46F /* tab_me_animate.json */,
				9A3865F22266FA3C008EE46F /* tab_message_animate.json */,
				9A3865F42266FA3C008EE46F /* tab_search_animate.json */,
				9A98017A2461249F00E65289 /* green_lottie_tab_discover.json */,
				9A98017C2461249F00E65289 /* green_lottie_tab_home.json */,
				9A9801792461249F00E65289 /* green_lottie_tab_mine.json */,
				9A98017B2461249F00E65289 /* green_lottie_tab_news.json */,
			);
			path = LottieResources;
			sourceTree = "<group>";
		};
		9AC018181FE90A70001EC2D6 /* Other */ = {
			isa = PBXGroup;
			children = (
				9AC018191FE90AA1001EC2D6 /* CYLPlusDemoChildViewController.h */,
				9AC0181A1FE90AA1001EC2D6 /* CYLPlusDemoChildViewController.m */,
			);
			path = Other;
			sourceTree = "<group>";
		};
		9AE9426B1BDC91B800354519 = {
			isa = PBXGroup;
			children = (
				9AE942C81BDC933E00354519 /* Example */,
				9AE942901BDC91B900354519 /* CYLTabBarControllerTests */,
				267DBDF625CAC0320081975C /* CYLTabBarController */,
				9AE942751BDC91B800354519 /* Products */,
				36A0A7E83F2E6D2B770F8CDA /* Pods */,
				7D5EF7117AB467CA9F870F71 /* Frameworks */,
			);
			sourceTree = "<group>";
		};
		9AE942751BDC91B800354519 /* Products */ = {
			isa = PBXGroup;
			children = (
				9AE942741BDC91B800354519 /* CYLTabBarControllerDemo.app */,
				267DBDF525CAC0320081975C /* CYLTabBarController.framework */,
			);
			name = Products;
			sourceTree = "<group>";
		};
		9AE942901BDC91B900354519 /* CYLTabBarControllerTests */ = {
			isa = PBXGroup;
			children = (
				9AE942931BDC91B900354519 /* CYLTabBarControllerTests.m */,
				9AE942911BDC91B900354519 /* Supporting Files */,
			);
			path = CYLTabBarControllerTests;
			sourceTree = "<group>";
		};
		9AE942911BDC91B900354519 /* Supporting Files */ = {
			isa = PBXGroup;
			children = (
				9AE942921BDC91B900354519 /* Info.plist */,
			);
			name = "Supporting Files";
			sourceTree = "<group>";
		};
		9AE942C81BDC933E00354519 /* Example */ = {
			isa = PBXGroup;
			children = (
				9A1559C71CB6D4D300CAB1AF /* AppDelegate.h */,
				9A1559C61CB6D4D300CAB1AF /* AppDelegate.m */,
				9A7C598F2181C39000EDB266 /* MainTabBarController.h */,
				9A7C598E2181C39000EDB266 /* MainTabBarController.m */,
				9AE0BD2F22303BA800302A35 /* CYLMainRootViewController.h */,
				9AE0BD3022303BA800302A35 /* CYLMainRootViewController.m */,
				9AE942CF1BDC933E00354519 /* Classes */,
				9AE942CB1BDC933E00354519 /* LaunchScreen.xib */,
				9AE942CD1BDC933E00354519 /* Main.storyboard */,
				9AE942E31BDC933E00354519 /* Images.xcassets */,
				9AE942E41BDC933E00354519 /* Info.plist */,
				9AE942E51BDC933E00354519 /* main.m */,
			);
			path = Example;
			sourceTree = "<group>";
		};
		9AE942CF1BDC933E00354519 /* Classes */ = {
			isa = PBXGroup;
			children = (
				9A3865CF22663549008EE46F /* Other */,
				9A1559E11CB6EB1F00CAB1AF /* View */,
				9A1559C91CB6D56500CAB1AF /* Module */,
			);
			path = Classes;
			sourceTree = "<group>";
		};
/* End PBXGroup section */

/* Begin PBXHeadersBuildPhase section */
		267DBDF025CAC0320081975C /* Headers */ = {
			isa = PBXHeadersBuildPhase;
			buildActionMask = 2147483647;
			files = (
				267DBE3325CAC0630081975C /* CYLPlusButton.h in Headers */,
				267DBE3A25CAC0630081975C /* UIView+CYLBadgeExtention.h in Headers */,
				267DBE2B25CAC0630081975C /* UIImage+CYLTabBarControllerExtention.h in Headers */,
				267DBE4725CAC0630081975C /* CYLTabBar+CYLTabBarControllerExtention.h in Headers */,
				267DBE4325CAC0630081975C /* CYLConstants.h in Headers */,
				267DBE4125CAC0630081975C /* UIViewController+CYLNavigationControllerExtention.h in Headers */,
				267DBE4825CAC0630081975C /* CYLBaseViewController.h in Headers */,
				267DBE3F25CAC0630081975C /* UIView+CYLTabBarControllerExtention.h in Headers */,
				267DBE4625CAC0630081975C /* UIControl+CYLTabBarControllerExtention.h in Headers */,
				267DBE4925CAC0630081975C /* UIBarButtonItem+CYLBadgeExtention.h in Headers */,
				267DBE3225CAC0630081975C /* CYLTabBar.h in Headers */,
				267DBE4B25CAC0630081975C /* UITabBarItem+CYLTabBarControllerExtention.h in Headers */,
				267DBE4A25CAC0630081975C /* UITabBarItem+CYLBadgeExtention.h in Headers */,
				267DBE3E25CAC0630081975C /* CYLBaseNavigationController.h in Headers */,
				267DBE3625CAC0630081975C /* CYLBadgeProtocol.h in Headers */,
				267DBE4425CAC0630081975C /* CAAnimation+CYLBadgeExtention.h in Headers */,
				267DBE4E25CAC0630081975C /* UIViewController+CYLTabBarControllerExtention.h in Headers */,
				267DBE2D25CAC0630081975C /* UIColor+CYLTabBarControllerExtention.h in Headers */,
				267DBE4025CAC0630081975C /* CYLBaseTableViewController.h in Headers */,
				267DBE3D25CAC0630081975C /* NSObject+CYLTabBarControllerExtention.h in Headers */,
				267DBDF925CAC0320081975C /* CYLTabBarController.h in Headers */,
			);
			runOnlyForDeploymentPostprocessing = 0;
		};
/* End PBXHeadersBuildPhase section */

/* Begin PBXNativeTarget section */
		267DBDF425CAC0320081975C /* CYLTabBarController */ = {
			isa = PBXNativeTarget;
			buildConfigurationList = 267DBDFE25CAC0320081975C /* Build configuration list for PBXNativeTarget "CYLTabBarController" */;
			buildPhases = (
				267DBDF025CAC0320081975C /* Headers */,
				267DBDF125CAC0320081975C /* Sources */,
				267DBDF225CAC0320081975C /* Frameworks */,
				267DBDF325CAC0320081975C /* Resources */,
			);
			buildRules = (
			);
			dependencies = (
			);
			name = CYLTabBarController;
			productName = CYLTabBarController;
			productReference = 267DBDF525CAC0320081975C /* CYLTabBarController.framework */;
			productType = "com.apple.product-type.framework";
		};
		9AE942731BDC91B800354519 /* CYLTabBarControllerDemo */ = {
			isa = PBXNativeTarget;
			buildConfigurationList = 9AE942971BDC91B900354519 /* Build configuration list for PBXNativeTarget "CYLTabBarControllerDemo" */;
			buildPhases = (
				5B2F02C6CEFA9E652D86AB7B /* [CP] Check Pods Manifest.lock */,
				9AE942701BDC91B800354519 /* Sources */,
				9AE942711BDC91B800354519 /* Frameworks */,
				9AE942721BDC91B800354519 /* Resources */,
				21663BD34D0451A2C1920020 /* [CP] Embed Pods Frameworks */,
				267DBE0125CAC0320081975C /* Embed Frameworks */,
			);
			buildRules = (
			);
			dependencies = (
				267DBDFB25CAC0320081975C /* PBXTargetDependency */,
			);
			name = CYLTabBarControllerDemo;
			productName = CYLTabBarController;
			productReference = 9AE942741BDC91B800354519 /* CYLTabBarControllerDemo.app */;
			productType = "com.apple.product-type.application";
		};
/* End PBXNativeTarget section */

/* Begin PBXProject section */
		9AE9426C1BDC91B800354519 /* Project object */ = {
			isa = PBXProject;
			attributes = {
				LastUpgradeCheck = 1100;
				ORGANIZATIONNAME = "微博@iOS程序犭袁";
				TargetAttributes = {
					267DBDF425CAC0320081975C = {
						CreatedOnToolsVersion = 12.4;
						ProvisioningStyle = Automatic;
					};
					9AE942731BDC91B800354519 = {
						CreatedOnToolsVersion = 6.3;
						ProvisioningStyle = Manual;
					};
				};
			};
			buildConfigurationList = 9AE9426F1BDC91B800354519 /* Build configuration list for PBXProject "CYLTabBarController" */;
			compatibilityVersion = "Xcode 3.2";
			developmentRegion = en;
			hasScannedForEncodings = 0;
			knownRegions = (
				en,
				Base,
			);
			mainGroup = 9AE9426B1BDC91B800354519;
			productRefGroup = 9AE942751BDC91B800354519 /* Products */;
			projectDirPath = "";
			projectRoot = "";
			targets = (
				9AE942731BDC91B800354519 /* CYLTabBarControllerDemo */,
				267DBDF425CAC0320081975C /* CYLTabBarController */,
			);
		};
/* End PBXProject section */

/* Begin PBXResourcesBuildPhase section */
		267DBDF325CAC0320081975C /* Resources */ = {
			isa = PBXResourcesBuildPhase;
			buildActionMask = 2147483647;
			files = (
			);
			runOnlyForDeploymentPostprocessing = 0;
		};
		9AE942721BDC91B800354519 /* Resources */ = {
			isa = PBXResourcesBuildPhase;
			buildActionMask = 2147483647;
			files = (
				9A9801802461249F00E65289 /* green_lottie_tab_home.json in Resources */,
				9AE942EF1BDC933E00354519 /* Images.xcassets in Resources */,
				9A98017F2461249F00E65289 /* green_lottie_tab_news.json in Resources */,
				9AD7F5BE22B7D695004BF0A0 /* img_tab_home_0.png in Resources */,
				9AE942E71BDC933E00354519 /* LaunchScreen.xib in Resources */,
				9AD7F5B122B7D4B6004BF0A0 /* gray_tabbar_home_animation.json in Resources */,
				9A3865F82266FA3C008EE46F /* tab_search_animate.json in Resources */,
				9A98017D2461249F00E65289 /* green_lottie_tab_mine.json in Resources */,
				9AD7F5BA22B7D695004BF0A0 /* img_tab_message_0.png in Resources */,
				9AD7F5B022B7D4B6004BF0A0 /* gray_tabbar_me_animation.json in Resources */,
				9AD7F5B222B7D4B6004BF0A0 /* gray_tabbar_message_animation.json in Resources */,
				9A98017E2461249F00E65289 /* green_lottie_tab_discover.json in Resources */,
				9AD7F5C022B7D695004BF0A0 /* img_tab_me_0.png in Resources */,
				9AE942E81BDC933E00354519 /* Main.storyboard in Resources */,
				9A3865F92266FA3C008EE46F /* tab_me_animate.json in Resources */,
				9A3865F72266FA3C008EE46F /* tab_home_animate.json in Resources */,
				9AD7F5BC22B7D695004BF0A0 /* img_tab_home_1.png in Resources */,
				9AD7F5BD22B7D695004BF0A0 /* img_tab_home_2.png in Resources */,
				9A3865F62266FA3C008EE46F /* tab_message_animate.json in Resources */,
				9AD7F5BB22B7D695004BF0A0 /* img_tab_me_1.png in Resources */,
				9AD7F5BF22B7D695004BF0A0 /* img_tab_message_1.png in Resources */,
			);
			runOnlyForDeploymentPostprocessing = 0;
		};
/* End PBXResourcesBuildPhase section */

/* Begin PBXShellScriptBuildPhase section */
		21663BD34D0451A2C1920020 /* [CP] Embed Pods Frameworks */ = {
			isa = PBXShellScriptBuildPhase;
			buildActionMask = 2147483647;
			files = (
			);
			inputPaths = (
				"${PODS_ROOT}/Target Support Files/Pods-CYLTabBarController/Pods-CYLTabBarController-frameworks.sh",
				"${BUILT_PRODUCTS_DIR}/CYLTabBarController/CYLTabBarController.framework",
				"${BUILT_PRODUCTS_DIR}/MJRefresh/MJRefresh.framework",
				"${BUILT_PRODUCTS_DIR}/lottie-ios/Lottie.framework",
			);
			name = "[CP] Embed Pods Frameworks";
			outputPaths = (
				"${TARGET_BUILD_DIR}/${FRAMEWORKS_FOLDER_PATH}/CYLTabBarController.framework",
				"${TARGET_BUILD_DIR}/${FRAMEWORKS_FOLDER_PATH}/MJRefresh.framework",
				"${TARGET_BUILD_DIR}/${FRAMEWORKS_FOLDER_PATH}/Lottie.framework",
			);
			runOnlyForDeploymentPostprocessing = 0;
			shellPath = /bin/sh;
			shellScript = "\"${PODS_ROOT}/Target Support Files/Pods-CYLTabBarController/Pods-CYLTabBarController-frameworks.sh\"\n";
			showEnvVarsInLog = 0;
		};
		5B2F02C6CEFA9E652D86AB7B /* [CP] Check Pods Manifest.lock */ = {
			isa = PBXShellScriptBuildPhase;
			buildActionMask = 2147483647;
			files = (
			);
			inputFileListPaths = (
			);
			inputPaths = (
				"${PODS_PODFILE_DIR_PATH}/Podfile.lock",
				"${PODS_ROOT}/Manifest.lock",
			);
			name = "[CP] Check Pods Manifest.lock";
			outputFileListPaths = (
			);
			outputPaths = (
				"$(DERIVED_FILE_DIR)/Pods-CYLTabBarController-checkManifestLockResult.txt",
			);
			runOnlyForDeploymentPostprocessing = 0;
			shellPath = /bin/sh;
			shellScript = "diff \"${PODS_PODFILE_DIR_PATH}/Podfile.lock\" \"${PODS_ROOT}/Manifest.lock\" > /dev/null\nif [ $? != 0 ] ; then\n    # print error to STDERR\n    echo \"error: The sandbox is not in sync with the Podfile.lock. Run 'pod install' or update your CocoaPods installation.\" >&2\n    exit 1\nfi\n# This output is used by Xcode 'outputs' to avoid re-running this script phase.\necho \"SUCCESS\" > \"${SCRIPT_OUTPUT_FILE_0}\"\n";
			showEnvVarsInLog = 0;
		};
/* End PBXShellScriptBuildPhase section */

/* Begin PBXSourcesBuildPhase section */
		267DBDF125CAC0320081975C /* Sources */ = {
			isa = PBXSourcesBuildPhase;
			buildActionMask = 2147483647;
			files = (
				267DBE4C25CAC0630081975C /* UIBarButtonItem+CYLBadgeExtention.m in Sources */,
				267DBE5025CAC0630081975C /* UIColor+CYLTabBarControllerExtention.m in Sources */,
				267DBE2F25CAC0630081975C /* CYLBaseViewController.m in Sources */,
				267DBE3725CAC0630081975C /* CYLPlusButton.m in Sources */,
				267DBE3C25CAC0630081975C /* CAAnimation+CYLBadgeExtention.m in Sources */,
				267DBE3B25CAC0630081975C /* UIView+CYLBadgeExtention.m in Sources */,
				267DBE3025CAC0630081975C /* CYLTabBarController.m in Sources */,
				267DBE3525CAC0630081975C /* CYLTabBar.m in Sources */,
				267DBE4F25CAC0630081975C /* CYLBaseNavigationController.m in Sources */,
				267DBE3425CAC0630081975C /* UITabBarItem+CYLBadgeExtention.m in Sources */,
				267DBE4D25CAC0630081975C /* UIControl+CYLTabBarControllerExtention.m in Sources */,
				267DBE3125CAC0630081975C /* UIView+CYLTabBarControllerExtention.m in Sources */,
				267DBE3925CAC0630081975C /* CYLBaseTableViewController.m in Sources */,
				267DBE4525CAC0630081975C /* UIViewController+CYLNavigationControllerExtention.m in Sources */,
				267DBE3825CAC0630081975C /* CYLTabBar+CYLTabBarControllerExtention.m in Sources */,
				267DBE2E25CAC0630081975C /* NSObject+CYLTabBarControllerExtention.m in Sources */,
				267DBE2A25CAC0630081975C /* UITabBarItem+CYLTabBarControllerExtention.m in Sources */,
				267DBE4225CAC0630081975C /* UIViewController+CYLTabBarControllerExtention.m in Sources */,
				267DBE2C25CAC0630081975C /* UIImage+CYLTabBarControllerExtention.m in Sources */,
			);
			runOnlyForDeploymentPostprocessing = 0;
		};
		9AE942701BDC91B800354519 /* Sources */ = {
			isa = PBXSourcesBuildPhase;
			buildActionMask = 2147483647;
			files = (
				9A1559DC1CB6D56500CAB1AF /* CYLMessageViewController.m in Sources */,
				9AE0BD3122303BA800302A35 /* CYLMainRootViewController.m in Sources */,
				9A1559DE1CB6D56500CAB1AF /* CYLDetailsViewController.m in Sources */,
				9A1559E41CB6EB1F00CAB1AF /* CYLPlusButtonSubclass.m in Sources */,
				9A1559DF1CB6D56500CAB1AF /* CYLSameCityViewController.m in Sources */,
				9A1559DB1CB6D56500CAB1AF /* CYLHomeViewController.m in Sources */,
				9A1559C81CB6D4D300CAB1AF /* AppDelegate.m in Sources */,
				9A7C59902181C39000EDB266 /* MainTabBarController.m in Sources */,
				9A1559DD1CB6D56500CAB1AF /* CYLMineViewController.m in Sources */,
				9AE942F11BDC933E00354519 /* main.m in Sources */,
				9AC0181B1FE90AA1001EC2D6 /* CYLPlusDemoChildViewController.m in Sources */,
			);
			runOnlyForDeploymentPostprocessing = 0;
		};
/* End PBXSourcesBuildPhase section */

/* Begin PBXTargetDependency section */
		267DBDFB25CAC0320081975C /* PBXTargetDependency */ = {
			isa = PBXTargetDependency;
			target = 267DBDF425CAC0320081975C /* CYLTabBarController */;
			targetProxy = 267DBDFA25CAC0320081975C /* PBXContainerItemProxy */;
		};
/* End PBXTargetDependency section */

/* Begin PBXVariantGroup section */
		9AE942CB1BDC933E00354519 /* LaunchScreen.xib */ = {
			isa = PBXVariantGroup;
			children = (
				9AE942CC1BDC933E00354519 /* Base */,
			);
			name = LaunchScreen.xib;
			sourceTree = "<group>";
		};
		9AE942CD1BDC933E00354519 /* Main.storyboard */ = {
			isa = PBXVariantGroup;
			children = (
				9AE942CE1BDC933E00354519 /* Base */,
			);
			name = Main.storyboard;
			sourceTree = "<group>";
		};
/* End PBXVariantGroup section */

/* Begin XCBuildConfiguration section */
		267DBDFF25CAC0320081975C /* Debug */ = {
			isa = XCBuildConfiguration;
			buildSettings = {
				CLANG_ANALYZER_NONNULL = YES;
				CLANG_ANALYZER_NUMBER_OBJECT_CONVERSION = YES_AGGRESSIVE;
				CLANG_CXX_LANGUAGE_STANDARD = "gnu++14";
				CLANG_ENABLE_OBJC_WEAK = YES;
				CLANG_WARN_DOCUMENTATION_COMMENTS = YES;
				CLANG_WARN_QUOTED_INCLUDE_IN_FRAMEWORK_HEADER = YES;
				CLANG_WARN_UNGUARDED_AVAILABILITY = YES_AGGRESSIVE;
				CODE_SIGN_IDENTITY = "iPhone Developer";
				"CODE_SIGN_IDENTITY[sdk=iphoneos*]" = "iPhone Developer";
				CODE_SIGN_STYLE = Automatic;
				CURRENT_PROJECT_VERSION = 1;
				DEBUG_INFORMATION_FORMAT = dwarf;
				DEFINES_MODULE = YES;
				DEVELOPMENT_TEAM = "";
				DYLIB_COMPATIBILITY_VERSION = 1;
				DYLIB_CURRENT_VERSION = 1;
				DYLIB_INSTALL_NAME_BASE = "@rpath";
				GCC_C_LANGUAGE_STANDARD = gnu11;
				INFOPLIST_FILE = CYLTabBarController/Info.plist;
				INSTALL_PATH = "$(LOCAL_LIBRARY_DIR)/Frameworks";
				IPHONEOS_DEPLOYMENT_TARGET = 9.0;
				LD_RUNPATH_SEARCH_PATHS = "$(inherited) @executable_path/Frameworks @loader_path/Frameworks";
				MTL_ENABLE_DEBUG_INFO = INCLUDE_SOURCE;
				MTL_FAST_MATH = YES;
				PRODUCT_BUNDLE_IDENTIFIER = com.minijoy.CYLTabBarController;
				PRODUCT_NAME = "$(TARGET_NAME:c99extidentifier)";
				SKIP_INSTALL = YES;
				TARGETED_DEVICE_FAMILY = "1,2";
				TVOS_DEPLOYMENT_TARGET = 9.0;
				VERSIONING_SYSTEM = "apple-generic";
				VERSION_INFO_PREFIX = "";
			};
			name = Debug;
		};
		267DBE0025CAC0320081975C /* Release */ = {
			isa = XCBuildConfiguration;
			buildSettings = {
				CLANG_ANALYZER_NONNULL = YES;
				CLANG_ANALYZER_NUMBER_OBJECT_CONVERSION = YES_AGGRESSIVE;
				CLANG_CXX_LANGUAGE_STANDARD = "gnu++14";
				CLANG_ENABLE_OBJC_WEAK = YES;
				CLANG_WARN_DOCUMENTATION_COMMENTS = YES;
				CLANG_WARN_QUOTED_INCLUDE_IN_FRAMEWORK_HEADER = YES;
				CLANG_WARN_UNGUARDED_AVAILABILITY = YES_AGGRESSIVE;
				CODE_SIGN_IDENTITY = "iPhone Developer";
				"CODE_SIGN_IDENTITY[sdk=iphoneos*]" = "iPhone Developer";
				CODE_SIGN_STYLE = Automatic;
				CURRENT_PROJECT_VERSION = 1;
				DEFINES_MODULE = YES;
				DEVELOPMENT_TEAM = "";
				DYLIB_COMPATIBILITY_VERSION = 1;
				DYLIB_CURRENT_VERSION = 1;
				DYLIB_INSTALL_NAME_BASE = "@rpath";
				GCC_C_LANGUAGE_STANDARD = gnu11;
				INFOPLIST_FILE = CYLTabBarController/Info.plist;
				INSTALL_PATH = "$(LOCAL_LIBRARY_DIR)/Frameworks";
				IPHONEOS_DEPLOYMENT_TARGET = 9.0;
				LD_RUNPATH_SEARCH_PATHS = "$(inherited) @executable_path/Frameworks @loader_path/Frameworks";
				MTL_FAST_MATH = YES;
				PRODUCT_BUNDLE_IDENTIFIER = com.minijoy.CYLTabBarController;
				PRODUCT_NAME = "$(TARGET_NAME:c99extidentifier)";
				SKIP_INSTALL = YES;
				TARGETED_DEVICE_FAMILY = "1,2";
				TVOS_DEPLOYMENT_TARGET = 9.0;
				VERSIONING_SYSTEM = "apple-generic";
				VERSION_INFO_PREFIX = "";
			};
			name = Release;
		};
		9AE942951BDC91B900354519 /* Debug */ = {
			isa = XCBuildConfiguration;
			buildSettings = {
				ALWAYS_SEARCH_USER_PATHS = NO;
				CLANG_ANALYZER_LOCALIZABILITY_NONLOCALIZED = YES;
				CLANG_CXX_LANGUAGE_STANDARD = "gnu++0x";
				CLANG_CXX_LIBRARY = "libc++";
				CLANG_ENABLE_MODULES = YES;
				CLANG_ENABLE_OBJC_ARC = YES;
				CLANG_WARN_BLOCK_CAPTURE_AUTORELEASING = YES;
				CLANG_WARN_BOOL_CONVERSION = YES;
				CLANG_WARN_COMMA = YES;
				CLANG_WARN_CONSTANT_CONVERSION = YES;
				CLANG_WARN_DEPRECATED_OBJC_IMPLEMENTATIONS = YES;
				CLANG_WARN_DIRECT_OBJC_ISA_USAGE = YES_ERROR;
				CLANG_WARN_EMPTY_BODY = YES;
				CLANG_WARN_ENUM_CONVERSION = YES;
				CLANG_WARN_INFINITE_RECURSION = YES;
				CLANG_WARN_INT_CONVERSION = YES;
				CLANG_WARN_NON_LITERAL_NULL_CONVERSION = YES;
				CLANG_WARN_OBJC_IMPLICIT_RETAIN_SELF = YES;
				CLANG_WARN_OBJC_LITERAL_CONVERSION = YES;
				CLANG_WARN_OBJC_ROOT_CLASS = YES_ERROR;
				CLANG_WARN_RANGE_LOOP_ANALYSIS = YES;
				CLANG_WARN_STRICT_PROTOTYPES = YES;
				CLANG_WARN_SUSPICIOUS_MOVE = YES;
				CLANG_WARN_UNREACHABLE_CODE = YES;
				CLANG_WARN__DUPLICATE_METHOD_MATCH = YES;
				"CODE_SIGN_IDENTITY[sdk=iphoneos*]" = "iPhone Developer";
				COPY_PHASE_STRIP = NO;
				DEBUG_INFORMATION_FORMAT = "dwarf-with-dsym";
				ENABLE_STRICT_OBJC_MSGSEND = YES;
				ENABLE_TESTABILITY = YES;
				GCC_C_LANGUAGE_STANDARD = gnu99;
				GCC_DYNAMIC_NO_PIC = NO;
				GCC_NO_COMMON_BLOCKS = YES;
				GCC_OPTIMIZATION_LEVEL = 0;
				GCC_PREPROCESSOR_DEFINITIONS = (
					"DEBUG=1",
					"$(inherited)",
				);
				GCC_SYMBOLS_PRIVATE_EXTERN = NO;
				GCC_WARN_64_TO_32_BIT_CONVERSION = YES;
				GCC_WARN_ABOUT_RETURN_TYPE = YES_ERROR;
				GCC_WARN_UNDECLARED_SELECTOR = YES;
				GCC_WARN_UNINITIALIZED_AUTOS = YES_AGGRESSIVE;
				GCC_WARN_UNUSED_FUNCTION = YES;
				GCC_WARN_UNUSED_VARIABLE = YES;
				IPHONEOS_DEPLOYMENT_TARGET = 9.0;
				MTL_ENABLE_DEBUG_INFO = YES;
				ONLY_ACTIVE_ARCH = YES;
				SDKROOT = iphoneos;
				TARGETED_DEVICE_FAMILY = "1,2";
			};
			name = Debug;
		};
		9AE942961BDC91B900354519 /* Release */ = {
			isa = XCBuildConfiguration;
			buildSettings = {
				ALWAYS_SEARCH_USER_PATHS = NO;
				CLANG_ANALYZER_LOCALIZABILITY_NONLOCALIZED = YES;
				CLANG_CXX_LANGUAGE_STANDARD = "gnu++0x";
				CLANG_CXX_LIBRARY = "libc++";
				CLANG_ENABLE_MODULES = YES;
				CLANG_ENABLE_OBJC_ARC = YES;
				CLANG_WARN_BLOCK_CAPTURE_AUTORELEASING = YES;
				CLANG_WARN_BOOL_CONVERSION = YES;
				CLANG_WARN_COMMA = YES;
				CLANG_WARN_CONSTANT_CONVERSION = YES;
				CLANG_WARN_DEPRECATED_OBJC_IMPLEMENTATIONS = YES;
				CLANG_WARN_DIRECT_OBJC_ISA_USAGE = YES_ERROR;
				CLANG_WARN_EMPTY_BODY = YES;
				CLANG_WARN_ENUM_CONVERSION = YES;
				CLANG_WARN_INFINITE_RECURSION = YES;
				CLANG_WARN_INT_CONVERSION = YES;
				CLANG_WARN_NON_LITERAL_NULL_CONVERSION = YES;
				CLANG_WARN_OBJC_IMPLICIT_RETAIN_SELF = YES;
				CLANG_WARN_OBJC_LITERAL_CONVERSION = YES;
				CLANG_WARN_OBJC_ROOT_CLASS = YES_ERROR;
				CLANG_WARN_RANGE_LOOP_ANALYSIS = YES;
				CLANG_WARN_STRICT_PROTOTYPES = YES;
				CLANG_WARN_SUSPICIOUS_MOVE = YES;
				CLANG_WARN_UNREACHABLE_CODE = YES;
				CLANG_WARN__DUPLICATE_METHOD_MATCH = YES;
				"CODE_SIGN_IDENTITY[sdk=iphoneos*]" = "iPhone Developer";
				COPY_PHASE_STRIP = NO;
				DEBUG_INFORMATION_FORMAT = "dwarf-with-dsym";
				ENABLE_NS_ASSERTIONS = NO;
				ENABLE_STRICT_OBJC_MSGSEND = YES;
				GCC_C_LANGUAGE_STANDARD = gnu99;
				GCC_NO_COMMON_BLOCKS = YES;
				GCC_WARN_64_TO_32_BIT_CONVERSION = YES;
				GCC_WARN_ABOUT_RETURN_TYPE = YES_ERROR;
				GCC_WARN_UNDECLARED_SELECTOR = YES;
				GCC_WARN_UNINITIALIZED_AUTOS = YES_AGGRESSIVE;
				GCC_WARN_UNUSED_FUNCTION = YES;
				GCC_WARN_UNUSED_VARIABLE = YES;
				IPHONEOS_DEPLOYMENT_TARGET = 9.0;
				MTL_ENABLE_DEBUG_INFO = NO;
				SDKROOT = iphoneos;
				TARGETED_DEVICE_FAMILY = "1,2";
				VALIDATE_PRODUCT = YES;
			};
			name = Release;
		};
		9AE942981BDC91B900354519 /* Debug */ = {
			isa = XCBuildConfiguration;
			baseConfigurationReference = 89D5086598A9EFD751C286DB /* Pods-CYLTabBarController.debug.xcconfig */;
			buildSettings = {
				ASSETCATALOG_COMPILER_APPICON_NAME = AppIcon;
				ASSETCATALOG_COMPILER_LAUNCHIMAGE_NAME = LaunchImage;
				CODE_SIGN_ENTITLEMENTS = "";
				CODE_SIGN_IDENTITY = "iPhone Developer";
				"CODE_SIGN_IDENTITY[sdk=iphoneos*]" = "iPhone Developer";
				CODE_SIGN_STYLE = Manual;
				DEVELOPMENT_TEAM = "";
				INFOPLIST_FILE = "$(SRCROOT)/Example/Info.plist";
				IPHONEOS_DEPLOYMENT_TARGET = 9.0;
				LD_RUNPATH_SEARCH_PATHS = "$(inherited) @executable_path/Frameworks";
				PRODUCT_BUNDLE_IDENTIFIER = "CYL.$(PRODUCT_NAME:rfc1034identifier)";
				PRODUCT_NAME = "$(TARGET_NAME)";
				PROVISIONING_PROFILE = "";
				PROVISIONING_PROFILE_SPECIFIER = "";
				SUPPORTS_UIKITFORMAC = NO;
				TARGETED_DEVICE_FAMILY = 1;
			};
			name = Debug;
		};
		9AE942991BDC91B900354519 /* Release */ = {
			isa = XCBuildConfiguration;
			baseConfigurationReference = 8A12E1E008D40054CA1B0110 /* Pods-CYLTabBarController.release.xcconfig */;
			buildSettings = {
				ASSETCATALOG_COMPILER_APPICON_NAME = AppIcon;
				ASSETCATALOG_COMPILER_LAUNCHIMAGE_NAME = LaunchImage;
				CODE_SIGN_ENTITLEMENTS = "";
				CODE_SIGN_IDENTITY = "iPhone Developer";
				"CODE_SIGN_IDENTITY[sdk=iphoneos*]" = "iPhone Developer";
				CODE_SIGN_STYLE = Manual;
				DEVELOPMENT_TEAM = "";
				INFOPLIST_FILE = "$(SRCROOT)/Example/Info.plist";
				IPHONEOS_DEPLOYMENT_TARGET = 9.0;
				LD_RUNPATH_SEARCH_PATHS = "$(inherited) @executable_path/Frameworks";
				PRODUCT_BUNDLE_IDENTIFIER = "CYL.$(PRODUCT_NAME:rfc1034identifier)";
				PRODUCT_NAME = "$(TARGET_NAME)";
				PROVISIONING_PROFILE = "";
				PROVISIONING_PROFILE_SPECIFIER = "";
				SUPPORTS_UIKITFORMAC = NO;
				TARGETED_DEVICE_FAMILY = 1;
			};
			name = Release;
		};
/* End XCBuildConfiguration section */

/* Begin XCConfigurationList section */
		267DBDFE25CAC0320081975C /* Build configuration list for PBXNativeTarget "CYLTabBarController" */ = {
			isa = XCConfigurationList;
			buildConfigurations = (
				267DBDFF25CAC0320081975C /* Debug */,
				267DBE0025CAC0320081975C /* Release */,
			);
			defaultConfigurationIsVisible = 0;
			defaultConfigurationName = Release;
		};
		9AE9426F1BDC91B800354519 /* Build configuration list for PBXProject "CYLTabBarController" */ = {
			isa = XCConfigurationList;
			buildConfigurations = (
				9AE942951BDC91B900354519 /* Debug */,
				9AE942961BDC91B900354519 /* Release */,
			);
			defaultConfigurationIsVisible = 0;
			defaultConfigurationName = Release;
		};
		9AE942971BDC91B900354519 /* Build configuration list for PBXNativeTarget "CYLTabBarControllerDemo" */ = {
			isa = XCConfigurationList;
			buildConfigurations = (
				9AE942981BDC91B900354519 /* Debug */,
				9AE942991BDC91B900354519 /* Release */,
			);
			defaultConfigurationIsVisible = 0;
			defaultConfigurationName = Release;
		};
/* End XCConfigurationList section */
	};
	rootObject = 9AE9426C1BDC91B800354519 /* Project object */;
}
